Microsoft Visual Studio Solution File, Format Version 12.00
# Visual Studio 15
VisualStudioVersion = 15.0.27004.2002
MinimumVisualStudioVersion = 10.0.40219.1
Project("{FAE04EC0-301F-11D3-BF4B-00C04F79EFBC}") = "ImageToArduino", "ImageToArduino\ImageToArduino.csproj", "{B2C68045-D51B-4D43-8C33-E1D780E99D5C}"
EndProject
Project("{FAE04EC0-301F-11D3-BF4B-00C04F79EFBC}") = "GifGenerator", "GifGenerator\GifGenerator.csproj", "{14B4AC21-7C9F-4932-8228-CACAA36DFC29}"
EndProject
Project("{9A19103F-16F7-4668-BE54-9A1E7A4F7556}") = "System.Image", "System.Image\System.Image.csproj", "{DA79D59A-236D-4D9B-B7A5-7E25F0DD41E3}"
EndProject
Project("{9A19103F-16F7-4668-BE54-9A1E7A4F7556}") = "Tests", "Tests\Tests\Tests.csproj", "{51026A59-813B-4E6D-B26A-C0CE6ABBCD9A}"
EndProject
Project("{2150E333-8FDC-42A3-9474-1A3956D46DE8}") = "Tests", "Tests", "{2D832A94-15A9-4409-A369-325E1E15A97D}"
EndProject
Project("{2150E333-8FDC-42A3-9474-1A3956D46DE8}") = "Web", "Web", "{FD202FB0-6F22-4B05-BF68-441E6169ED58}"
EndProject
Project("{FAE04EC0-301F-11D3-BF4B-00C04F79EFBC}") = "Application.Web", "Application.Web\Application.Web.csproj", "{C7D2997C-AE2C-4D6A-82DE-D9AC0E2DCDA9}"
EndProject
Global
	GlobalSection(SolutionConfigurationPlatforms) = preSolution
		Debug|Any CPU = Debug|Any CPU
		Debug|x86 = Debug|x86
		Release|Any CPU = Release|Any CPU
		Release|x86 = Release|x86
	EndGlobalSection
	GlobalSection(ProjectConfigurationPlatforms) = postSolution
		{B2C68045-D51B-4D43-8C33-E1D780E99D5C}.Debug|Any CPU.ActiveCfg = Debug|x86
		{B2C68045-D51B-4D43-8C33-E1D780E99D5C}.Debug|x86.ActiveCfg = Debug|x86
		{B2C68045-D51B-4D43-8C33-E1D780E99D5C}.Debug|x86.Build.0 = Debug|x86
		{B2C68045-D51B-4D43-8C33-E1D780E99D5C}.Release|Any CPU.ActiveCfg = Release|x86
		{B2C68045-D51B-4D43-8C33-E1D780E99D5C}.Release|x86.ActiveCfg = Release|x86
		{B2C68045-D51B-4D43-8C33-E1D780E99D5C}.Release|x86.Build.0 = Release|x86
		{14B4AC21-7C9F-4932-8228-CACAA36DFC29}.Debug|Any CPU.ActiveCfg = Debug|x86
		{14B4AC21-7C9F-4932-8228-CACAA36DFC29}.Debug|x86.ActiveCfg = Debug|x86
		{14B4AC21-7C9F-4932-8228-CACAA36DFC29}.Debug|x86.Build.0 = Debug|x86
		{14B4AC21-7C9F-4932-8228-CACAA36DFC29}.Release|Any CPU.ActiveCfg = Release|x86
		{14B4AC21-7C9F-4932-8228-CACAA36DFC29}.Release|x86.ActiveCfg = Release|x86
		{14B4AC21-7C9F-4932-8228-CACAA36DFC29}.Release|x86.Build.0 = Release|x86
		{DA79D59A-236D-4D9B-B7A5-7E25F0DD41E3}.Debug|Any CPU.ActiveCfg = Debug|Any CPU
		{DA79D59A-236D-4D9B-B7A5-7E25F0DD41E3}.Debug|Any CPU.Build.0 = Debug|Any CPU
		{DA79D59A-236D-4D9B-B7A5-7E25F0DD41E3}.Debug|x86.ActiveCfg = Debug|Any CPU
		{DA79D59A-236D-4D9B-B7A5-7E25F0DD41E3}.Debug|x86.Build.0 = Debug|Any CPU
		{DA79D59A-236D-4D9B-B7A5-7E25F0DD41E3}.Release|Any CPU.ActiveCfg = Release|Any CPU
		{DA79D59A-236D-4D9B-B7A5-7E25F0DD41E3}.Release|Any CPU.Build.0 = Release|Any CPU
		{DA79D59A-236D-4D9B-B7A5-7E25F0DD41E3}.Release|x86.ActiveCfg = Release|Any CPU
		{DA79D59A-236D-4D9B-B7A5-7E25F0DD41E3}.Release|x86.Build.0 = Release|Any CPU
		{51026A59-813B-4E6D-B26A-C0CE6ABBCD9A}.Debug|Any CPU.ActiveCfg = Debug|Any CPU
		{51026A59-813B-4E6D-B26A-C0CE6ABBCD9A}.Debug|Any CPU.Build.0 = Debug|Any CPU
		{51026A59-813B-4E6D-B26A-C0CE6ABBCD9A}.Debug|x86.ActiveCfg = Debug|Any CPU
		{51026A59-813B-4E6D-B26A-C0CE6ABBCD9A}.Debug|x86.Build.0 = Debug|Any CPU
		{51026A59-813B-4E6D-B26A-C0CE6ABBCD9A}.Release|Any CPU.ActiveCfg = Release|Any CPU
		{51026A59-813B-4E6D-B26A-C0CE6ABBCD9A}.Release|Any CPU.Build.0 = Release|Any CPU
		{51026A59-813B-4E6D-B26A-C0CE6ABBCD9A}.Release|x86.ActiveCfg = Release|Any CPU
		{51026A59-813B-4E6D-B26A-C0CE6ABBCD9A}.Release|x86.Build.0 = Release|Any CPU
		{C7D2997C-AE2C-4D6A-82DE-D9AC0E2DCDA9}.Debug|Any CPU.ActiveCfg = Debug|Any CPU
		{C7D2997C-AE2C-4D6A-82DE-D9AC0E2DCDA9}.Debug|Any CPU.Build.0 = Debug|Any CPU
		{C7D2997C-AE2C-4D6A-82DE-D9AC0E2DCDA9}.Debug|x86.ActiveCfg = Debug|Any CPU
		{C7D2997C-AE2C-4D6A-82DE-D9AC0E2DCDA9}.Debug|x86.Build.0 = Debug|Any CPU
		{C7D2997C-AE2C-4D6A-82DE-D9AC0E2DCDA9}.Release|Any CPU.ActiveCfg = Release|Any CPU
		{C7D2997C-AE2C-4D6A-82DE-D9AC0E2DCDA9}.Release|Any CPU.Build.0 = Release|Any CPU
		{C7D2997C-AE2C-4D6A-82DE-D9AC0E2DCDA9}.Release|x86.ActiveCfg = Release|Any CPU
		{C7D2997C-AE2C-4D6A-82DE-D9AC0E2DCDA9}.Release|x86.Build.0 = Release|Any CPU
	EndGlobalSection
	GlobalSection(SolutionProperties) = preSolution
		HideSolutionNode = FALSE
	EndGlobalSection
	GlobalSection(NestedProjects) = preSolution
		{51026A59-813B-4E6D-B26A-C0CE6ABBCD9A} = {2D832A94-15A9-4409-A369-325E1E15A97D}
		{C7D2997C-AE2C-4D6A-82DE-D9AC0E2DCDA9} = {FD202FB0-6F22-4B05-BF68-441E6169ED58}
	EndGlobalSection
	GlobalSection(ExtensibilityGlobals) = postSolution
		SolutionGuid = {72C0F0D0-FF3A-42D8-B393-CD13E31FB60E}
	EndGlobalSection
EndGlobal
